// !$*UTF8*$!
{
	archiveVersion = 1;
	classes = {
	};
	objectVersion = 46;
	objects = {

/* Begin PBXBuildFile section */
		5FAAB401ECA703F01A076DD1 /* Pods_MobileAppProject.framework in Frameworks */ = {isa = PBXBuildFile; fileRef = FF35DCD431E823C4BD574AC9 /* Pods_MobileAppProject.framework */; };
		830320EB210E39BF00A37ABA /* checkoutViewController.swift in Sources */ = {isa = PBXBuildFile; fileRef = 830320EA210E39BF00A37ABA /* checkoutViewController.swift */; };
		830320ED210E40D400A37ABA /* OrderReviewController.swift in Sources */ = {isa = PBXBuildFile; fileRef = 830320EC210E40D400A37ABA /* OrderReviewController.swift */; };
		830320EF210E5B3D00A37ABA /* ShirtsModel.swift in Sources */ = {isa = PBXBuildFile; fileRef = 830320EE210E5B3D00A37ABA /* ShirtsModel.swift */; };
		833705192107934E006E3256 /* LoginViewController.swift in Sources */ = {isa = PBXBuildFile; fileRef = 833705182107934E006E3256 /* LoginViewController.swift */; };
		835506D52107B34700626059 /* Login.png in Resources */ = {isa = PBXBuildFile; fileRef = 835506D42107B34700626059 /* Login.png */; };
		835506D72107C14800626059 /* SignupViewController.swift in Sources */ = {isa = PBXBuildFile; fileRef = 835506D62107C14800626059 /* SignupViewController.swift */; };
		835506D921080AD000626059 /* ListViewController.swift in Sources */ = {isa = PBXBuildFile; fileRef = 835506D821080AD000626059 /* ListViewController.swift */; };
		835CE1BD210CD128001D2874 /* detailsViewController.swift in Sources */ = {isa = PBXBuildFile; fileRef = 835CE1BC210CD128001D2874 /* detailsViewController.swift */; };
		835CE1BF210D08DF001D2874 /* CartModel.swift in Sources */ = {isa = PBXBuildFile; fileRef = 835CE1BE210D08DF001D2874 /* CartModel.swift */; };
		835CE1C1210D1759001D2874 /* CartViewController.swift in Sources */ = {isa = PBXBuildFile; fileRef = 835CE1C0210D1759001D2874 /* CartViewController.swift */; };
		83AB4BFF20FE930A0029E5BE /* AppDelegate.swift in Sources */ = {isa = PBXBuildFile; fileRef = 83AB4BFE20FE930A0029E5BE /* AppDelegate.swift */; };
		83AB4C0120FE930A0029E5BE /* ViewController.swift in Sources */ = {isa = PBXBuildFile; fileRef = 83AB4C0020FE930A0029E5BE /* ViewController.swift */; };
		83AB4C0420FE930A0029E5BE /* Main.storyboard in Resources */ = {isa = PBXBuildFile; fileRef = 83AB4C0220FE930A0029E5BE /* Main.storyboard */; };
		83AB4C0720FE930A0029E5BE /* MobileAppProject.xcdatamodeld in Sources */ = {isa = PBXBuildFile; fileRef = 83AB4C0520FE930A0029E5BE /* MobileAppProject.xcdatamodeld */; };
		83AB4C0920FE930A0029E5BE /* Assets.xcassets in Resources */ = {isa = PBXBuildFile; fileRef = 83AB4C0820FE930A0029E5BE /* Assets.xcassets */; };
		83AB4C0C20FE930A0029E5BE /* LaunchScreen.storyboard in Resources */ = {isa = PBXBuildFile; fileRef = 83AB4C0A20FE930A0029E5BE /* LaunchScreen.storyboard */; };
		83FF8972210C19640055B61A /* collectionViewController.swift in Sources */ = {isa = PBXBuildFile; fileRef = 83FF8971210C19640055B61A /* collectionViewController.swift */; };
		83FF8979210C1B140055B61A /* 5.jpeg in Resources */ = {isa = PBXBuildFile; fileRef = 83FF8974210C1B140055B61A /* 5.jpeg */; };
		83FF897A210C1B140055B61A /* 4.jpg in Resources */ = {isa = PBXBuildFile; fileRef = 83FF8975210C1B140055B61A /* 4.jpg */; };
		83FF897B210C1B140055B61A /* 2.jpg in Resources */ = {isa = PBXBuildFile; fileRef = 83FF8976210C1B140055B61A /* 2.jpg */; };
		83FF897C210C1B140055B61A /* 1.jpg in Resources */ = {isa = PBXBuildFile; fileRef = 83FF8977210C1B140055B61A /* 1.jpg */; };
		83FF897D210C1B140055B61A /* 3.jpeg in Resources */ = {isa = PBXBuildFile; fileRef = 83FF8978210C1B140055B61A /* 3.jpeg */; };
		83FF897F210C1D240055B61A /* myCell.swift in Sources */ = {isa = PBXBuildFile; fileRef = 83FF897E210C1D240055B61A /* myCell.swift */; };
		F376566E210EBA0600011138 /* SmtpViewController.swift in Sources */ = {isa = PBXBuildFile; fileRef = F376566D210EBA0600011138 /* SmtpViewController.swift */; };
		F3FEA615210D2261006CF360 /* GoogleService-Info.plist in Resources */ = {isa = PBXBuildFile; fileRef = F3FEA614210D2261006CF360 /* GoogleService-Info.plist */; };
		F3FEA617210D4476006CF360 /* googleAPItestController.swift in Sources */ = {isa = PBXBuildFile; fileRef = F3FEA616210D4476006CF360 /* googleAPItestController.swift */; };
/* End PBXBuildFile section */

/* Begin PBXFileReference section */
		78F1BE0C1639A1B7048C3E10 /* Pods-MobileAppProject.release.xcconfig */ = {isa = PBXFileReference; includeInIndex = 1; lastKnownFileType = text.xcconfig; name = "Pods-MobileAppProject.release.xcconfig"; path = "Pods/Target Support Files/Pods-MobileAppProject/Pods-MobileAppProject.release.xcconfig"; sourceTree = "<group>"; };
		830320EA210E39BF00A37ABA /* checkoutViewController.swift */ = {isa = PBXFileReference; fileEncoding = 4; lastKnownFileType = sourcecode.swift; path = checkoutViewController.swift; sourceTree = "<group>"; };
		830320EC210E40D400A37ABA /* OrderReviewController.swift */ = {isa = PBXFileReference; fileEncoding = 4; lastKnownFileType = sourcecode.swift; path = OrderReviewController.swift; sourceTree = "<group>"; };
		830320EE210E5B3D00A37ABA /* ShirtsModel.swift */ = {isa = PBXFileReference; fileEncoding = 4; lastKnownFileType = sourcecode.swift; path = ShirtsModel.swift; sourceTree = "<group>"; };
		833705182107934E006E3256 /* LoginViewController.swift */ = {isa = PBXFileReference; fileEncoding = 4; lastKnownFileType = sourcecode.swift; path = LoginViewController.swift; sourceTree = "<group>"; };
		835506D42107B34700626059 /* Login.png */ = {isa = PBXFileReference; lastKnownFileType = image.png; name = Login.png; path = ../../../Login.png; sourceTree = "<group>"; };
		835506D62107C14800626059 /* SignupViewController.swift */ = {isa = PBXFileReference; fileEncoding = 4; lastKnownFileType = sourcecode.swift; path = SignupViewController.swift; sourceTree = "<group>"; };
		835506D821080AD000626059 /* ListViewController.swift */ = {isa = PBXFileReference; fileEncoding = 4; lastKnownFileType = sourcecode.swift; path = ListViewController.swift; sourceTree = "<group>"; };
		835CE1BC210CD128001D2874 /* detailsViewController.swift */ = {isa = PBXFileReference; fileEncoding = 4; lastKnownFileType = sourcecode.swift; path = detailsViewController.swift; sourceTree = "<group>"; };
		835CE1BE210D08DF001D2874 /* CartModel.swift */ = {isa = PBXFileReference; fileEncoding = 4; lastKnownFileType = sourcecode.swift; path = CartModel.swift; sourceTree = "<group>"; };
		835CE1C0210D1759001D2874 /* CartViewController.swift */ = {isa = PBXFileReference; fileEncoding = 4; lastKnownFileType = sourcecode.swift; path = CartViewController.swift; sourceTree = "<group>"; };
		83AB4BFB20FE930A0029E5BE /* MobileAppProject.app */ = {isa = PBXFileReference; explicitFileType = wrapper.application; includeInIndex = 0; path = MobileAppProject.app; sourceTree = BUILT_PRODUCTS_DIR; };
		83AB4BFE20FE930A0029E5BE /* AppDelegate.swift */ = {isa = PBXFileReference; lastKnownFileType = sourcecode.swift; path = AppDelegate.swift; sourceTree = "<group>"; };
		83AB4C0020FE930A0029E5BE /* ViewController.swift */ = {isa = PBXFileReference; lastKnownFileType = sourcecode.swift; path = ViewController.swift; sourceTree = "<group>"; };
		83AB4C0320FE930A0029E5BE /* Base */ = {isa = PBXFileReference; lastKnownFileType = file.storyboard; name = Base; path = Base.lproj/Main.storyboard; sourceTree = "<group>"; };
		83AB4C0620FE930A0029E5BE /* MobileAppProject.xcdatamodel */ = {isa = PBXFileReference; lastKnownFileType = wrapper.xcdatamodel; path = MobileAppProject.xcdatamodel; sourceTree = "<group>"; };
		83AB4C0820FE930A0029E5BE /* Assets.xcassets */ = {isa = PBXFileReference; lastKnownFileType = folder.assetcatalog; path = Assets.xcassets; sourceTree = "<group>"; };
		83AB4C0B20FE930A0029E5BE /* Base */ = {isa = PBXFileReference; lastKnownFileType = file.storyboard; name = Base; path = Base.lproj/LaunchScreen.storyboard; sourceTree = "<group>"; };
		83AB4C0D20FE930A0029E5BE /* Info.plist */ = {isa = PBXFileReference; lastKnownFileType = text.plist.xml; path = Info.plist; sourceTree = "<group>"; };
		83FF8971210C19640055B61A /* collectionViewController.swift */ = {isa = PBXFileReference; fileEncoding = 4; lastKnownFileType = sourcecode.swift; path = collectionViewController.swift; sourceTree = "<group>"; };
		83FF8974210C1B140055B61A /* 5.jpeg */ = {isa = PBXFileReference; lastKnownFileType = image.jpeg; path = 5.jpeg; sourceTree = "<group>"; };
		83FF8975210C1B140055B61A /* 4.jpg */ = {isa = PBXFileReference; lastKnownFileType = image.jpeg; path = 4.jpg; sourceTree = "<group>"; };
		83FF8976210C1B140055B61A /* 2.jpg */ = {isa = PBXFileReference; lastKnownFileType = image.jpeg; path = 2.jpg; sourceTree = "<group>"; };
		83FF8977210C1B140055B61A /* 1.jpg */ = {isa = PBXFileReference; lastKnownFileType = image.jpeg; path = 1.jpg; sourceTree = "<group>"; };
		83FF8978210C1B140055B61A /* 3.jpeg */ = {isa = PBXFileReference; lastKnownFileType = image.jpeg; path = 3.jpeg; sourceTree = "<group>"; };
		83FF897E210C1D240055B61A /* myCell.swift */ = {isa = PBXFileReference; fileEncoding = 4; lastKnownFileType = sourcecode.swift; path = myCell.swift; sourceTree = "<group>"; };
		A7486BF0210C260CE69EB341 /* Pods-MobileAppProject.debug.xcconfig */ = {isa = PBXFileReference; includeInIndex = 1; lastKnownFileType = text.xcconfig; name = "Pods-MobileAppProject.debug.xcconfig"; path = "Pods/Target Support Files/Pods-MobileAppProject/Pods-MobileAppProject.debug.xcconfig"; sourceTree = "<group>"; };
		F376566D210EBA0600011138 /* SmtpViewController.swift */ = {isa = PBXFileReference; fileEncoding = 4; lastKnownFileType = sourcecode.swift; path = SmtpViewController.swift; sourceTree = "<group>"; };
		F376566F210EBBC400011138 /* sendEmail_bridge.h */ = {isa = PBXFileReference; lastKnownFileType = sourcecode.c.h; path = sendEmail_bridge.h; sourceTree = "<group>"; };
		F3FEA614210D2261006CF360 /* GoogleService-Info.plist */ = {isa = PBXFileReference; fileEncoding = 4; lastKnownFileType = text.plist.xml; path = "GoogleService-Info.plist"; sourceTree = "<group>"; };
		F3FEA616210D4476006CF360 /* googleAPItestController.swift */ = {isa = PBXFileReference; fileEncoding = 4; lastKnownFileType = sourcecode.swift; path = googleAPItestController.swift; sourceTree = "<group>"; };
		FF35DCD431E823C4BD574AC9 /* Pods_MobileAppProject.framework */ = {isa = PBXFileReference; explicitFileType = wrapper.framework; includeInIndex = 0; path = Pods_MobileAppProject.framework; sourceTree = BUILT_PRODUCTS_DIR; };
/* End PBXFileReference section */

/* Begin PBXFrameworksBuildPhase section */
		83AB4BF820FE930A0029E5BE /* Frameworks */ = {
			isa = PBXFrameworksBuildPhase;
			buildActionMask = 2147483647;
			files = (
				5FAAB401ECA703F01A076DD1 /* Pods_MobileAppProject.framework in Frameworks */,
			);
			runOnlyForDeploymentPostprocessing = 0;
		};
/* End PBXFrameworksBuildPhase section */

/* Begin PBXGroup section */
		83AB4BF220FE930A0029E5BE = {
			isa = PBXGroup;
			children = (
				83AB4BFD20FE930A0029E5BE /* MobileAppProject */,
				83AB4BFC20FE930A0029E5BE /* Products */,
				97897E98592C0E3253E31FE7 /* Pods */,
				D91248D26EC30CCE827A3279 /* Frameworks */,
			);
			sourceTree = "<group>";
		};
		83AB4BFC20FE930A0029E5BE /* Products */ = {
			isa = PBXGroup;
			children = (
				83AB4BFB20FE930A0029E5BE /* MobileAppProject.app */,
			);
			name = Products;
			sourceTree = "<group>";
		};
		83AB4BFD20FE930A0029E5BE /* MobileAppProject */ = {
			isa = PBXGroup;
			children = (
				F3FEA614210D2261006CF360 /* GoogleService-Info.plist */,
				83AB4BFE20FE930A0029E5BE /* AppDelegate.swift */,
				835506D62107C14800626059 /* SignupViewController.swift */,
				83AB4C0020FE930A0029E5BE /* ViewController.swift */,
				835506D821080AD000626059 /* ListViewController.swift */,
				83AB4C0220FE930A0029E5BE /* Main.storyboard */,
				835506D42107B34700626059 /* Login.png */,
				833705182107934E006E3256 /* LoginViewController.swift */,
				F3FEA616210D4476006CF360 /* googleAPItestController.swift */,
				83AB4C0820FE930A0029E5BE /* Assets.xcassets */,
				83AB4C0A20FE930A0029E5BE /* LaunchScreen.storyboard */,
				83AB4C0D20FE930A0029E5BE /* Info.plist */,
				83AB4C0520FE930A0029E5BE /* MobileAppProject.xcdatamodeld */,
				83FF8971210C19640055B61A /* collectionViewController.swift */,
				83FF897E210C1D240055B61A /* myCell.swift */,
				835CE1BC210CD128001D2874 /* detailsViewController.swift */,
				835CE1BE210D08DF001D2874 /* CartModel.swift */,
				830320EE210E5B3D00A37ABA /* ShirtsModel.swift */,
				835CE1C0210D1759001D2874 /* CartViewController.swift */,
				830320EA210E39BF00A37ABA /* checkoutViewController.swift */,
				830320EC210E40D400A37ABA /* OrderReviewController.swift */,
				83FF8973210C1B140055B61A /* pictures */,
				F376566D210EBA0600011138 /* SmtpViewController.swift */,
				F376566F210EBBC400011138 /* sendEmail_bridge.h */,
			);
			path = MobileAppProject;
			sourceTree = "<group>";
		};
		83FF8973210C1B140055B61A /* pictures */ = {
			isa = PBXGroup;
			children = (
				83FF8974210C1B140055B61A /* 5.jpeg */,
				83FF8975210C1B140055B61A /* 4.jpg */,
				83FF8976210C1B140055B61A /* 2.jpg */,
				83FF8977210C1B140055B61A /* 1.jpg */,
				83FF8978210C1B140055B61A /* 3.jpeg */,
			);
			name = pictures;
			path = ../../../pictures;
			sourceTree = "<group>";
		};
		97897E98592C0E3253E31FE7 /* Pods */ = {
			isa = PBXGroup;
			children = (
				A7486BF0210C260CE69EB341 /* Pods-MobileAppProject.debug.xcconfig */,
				78F1BE0C1639A1B7048C3E10 /* Pods-MobileAppProject.release.xcconfig */,
			);
			name = Pods;
			sourceTree = "<group>";
		};
		D91248D26EC30CCE827A3279 /* Frameworks */ = {
			isa = PBXGroup;
			children = (
				FF35DCD431E823C4BD574AC9 /* Pods_MobileAppProject.framework */,
			);
			name = Frameworks;
			sourceTree = "<group>";
		};
/* End PBXGroup section */

/* Begin PBXNativeTarget section */
		83AB4BFA20FE930A0029E5BE /* MobileAppProject */ = {
			isa = PBXNativeTarget;
			buildConfigurationList = 83AB4C1020FE930A0029E5BE /* Build configuration list for PBXNativeTarget "MobileAppProject" */;
			buildPhases = (
				12E3E1C0E2BFA6748A8981E4 /* [CP] Check Pods Manifest.lock */,
				83AB4BF720FE930A0029E5BE /* Sources */,
				83AB4BF820FE930A0029E5BE /* Frameworks */,
				83AB4BF920FE930A0029E5BE /* Resources */,
				37966FA0A461C7EC829AD7C4 /* [CP] Embed Pods Frameworks */,
				CDD9D3C5CA0743B806BD855D /* [CP] Copy Pods Resources */,
			);
			buildRules = (
			);
			dependencies = (
			);
			name = MobileAppProject;
			productName = MobileAppProject;
			productReference = 83AB4BFB20FE930A0029E5BE /* MobileAppProject.app */;
			productType = "com.apple.product-type.application";
		};
/* End PBXNativeTarget section */

/* Begin PBXProject section */
		83AB4BF320FE930A0029E5BE /* Project object */ = {
			isa = PBXProject;
			attributes = {
				LastSwiftUpdateCheck = 0830;
				LastUpgradeCheck = 0830;
				ORGANIZATIONNAME = "Chris Elias";
				TargetAttributes = {
					83AB4BFA20FE930A0029E5BE = {
						CreatedOnToolsVersion = 8.3.3;
						DevelopmentTeam = 87DCMNX24K;
						ProvisioningStyle = Automatic;
					};
				};
			};
			buildConfigurationList = 83AB4BF620FE930A0029E5BE /* Build configuration list for PBXProject "MobileAppProject" */;
			compatibilityVersion = "Xcode 3.2";
			developmentRegion = English;
			hasScannedForEncodings = 0;
			knownRegions = (
				en,
				Base,
			);
			mainGroup = 83AB4BF220FE930A0029E5BE;
			productRefGroup = 83AB4BFC20FE930A0029E5BE /* Products */;
			projectDirPath = "";
			projectRoot = "";
			targets = (
				83AB4BFA20FE930A0029E5BE /* MobileAppProject */,
			);
		};
/* End PBXProject section */

/* Begin PBXResourcesBuildPhase section */
		83AB4BF920FE930A0029E5BE /* Resources */ = {
			isa = PBXResourcesBuildPhase;
			buildActionMask = 2147483647;
			files = (
				83FF897A210C1B140055B61A /* 4.jpg in Resources */,
				83FF8979210C1B140055B61A /* 5.jpeg in Resources */,
				83FF897B210C1B140055B61A /* 2.jpg in Resources */,
				83FF897D210C1B140055B61A /* 3.jpeg in Resources */,
				83AB4C0C20FE930A0029E5BE /* LaunchScreen.storyboard in Resources */,
				835506D52107B34700626059 /* Login.png in Resources */,
				83FF897C210C1B140055B61A /* 1.jpg in Resources */,
				F3FEA615210D2261006CF360 /* GoogleService-Info.plist in Resources */,
				83AB4C0920FE930A0029E5BE /* Assets.xcassets in Resources */,
				83AB4C0420FE930A0029E5BE /* Main.storyboard in Resources */,
			);
			runOnlyForDeploymentPostprocessing = 0;
		};
/* End PBXResourcesBuildPhase section */

/* Begin PBXShellScriptBuildPhase section */
		12E3E1C0E2BFA6748A8981E4 /* [CP] Check Pods Manifest.lock */ = {
			isa = PBXShellScriptBuildPhase;
			buildActionMask = 2147483647;
			files = (
			);
			inputPaths = (
				"${PODS_PODFILE_DIR_PATH}/Podfile.lock",
				"${PODS_ROOT}/Manifest.lock",
			);
			name = "[CP] Check Pods Manifest.lock";
			outputPaths = (
				"$(DERIVED_FILE_DIR)/Pods-MobileAppProject-checkManifestLockResult.txt",
			);
			runOnlyForDeploymentPostprocessing = 0;
			shellPath = /bin/sh;
			shellScript = "diff \"${PODS_PODFILE_DIR_PATH}/Podfile.lock\" \"${PODS_ROOT}/Manifest.lock\" > /dev/null\nif [ $? != 0 ] ; then\n    # print error to STDERR\n    echo \"error: The sandbox is not in sync with the Podfile.lock. Run 'pod install' or update your CocoaPods installation.\" >&2\n    exit 1\nfi\n# This output is used by Xcode 'outputs' to avoid re-running this script phase.\necho \"SUCCESS\" > \"${SCRIPT_OUTPUT_FILE_0}\"\n";
			showEnvVarsInLog = 0;
		};
		37966FA0A461C7EC829AD7C4 /* [CP] Embed Pods Frameworks */ = {
			isa = PBXShellScriptBuildPhase;
			buildActionMask = 2147483647;
			files = (
			);
			inputPaths = (
				"${SRCROOT}/Pods/Target Support Files/Pods-MobileAppProject/Pods-MobileAppProject-frameworks.sh",
				"${BUILT_PRODUCTS_DIR}/GTMOAuth2/GTMOAuth2.framework",
				"${BUILT_PRODUCTS_DIR}/GTMSessionFetcher/GTMSessionFetcher.framework",
				"${BUILT_PRODUCTS_DIR}/GoogleAPIClientForREST/GoogleAPIClientForREST.framework",
				"${BUILT_PRODUCTS_DIR}/GoogleToolboxForMac/GoogleToolboxForMac.framework",
			);
			name = "[CP] Embed Pods Frameworks";
			outputPaths = (
				"${TARGET_BUILD_DIR}/${FRAMEWORKS_FOLDER_PATH}/GTMOAuth2.framework",
				"${TARGET_BUILD_DIR}/${FRAMEWORKS_FOLDER_PATH}/GTMSessionFetcher.framework",
				"${TARGET_BUILD_DIR}/${FRAMEWORKS_FOLDER_PATH}/GoogleAPIClientForREST.framework",
				"${TARGET_BUILD_DIR}/${FRAMEWORKS_FOLDER_PATH}/GoogleToolboxForMac.framework",
			);
			runOnlyForDeploymentPostprocessing = 0;
			shellPath = /bin/sh;
			shellScript = "\"${SRCROOT}/Pods/Target Support Files/Pods-MobileAppProject/Pods-MobileAppProject-frameworks.sh\"\n";
			showEnvVarsInLog = 0;
		};
		CDD9D3C5CA0743B806BD855D /* [CP] Copy Pods Resources */ = {
			isa = PBXShellScriptBuildPhase;
			buildActionMask = 2147483647;
			files = (
			);
			inputPaths = (
				"${SRCROOT}/Pods/Target Support Files/Pods-MobileAppProject/Pods-MobileAppProject-resources.sh",
				"${PODS_ROOT}/GoogleSignIn/Resources/GoogleSignIn.bundle",
			);
			name = "[CP] Copy Pods Resources";
			outputPaths = (
				"${TARGET_BUILD_DIR}/${UNLOCALIZED_RESOURCES_FOLDER_PATH}/GoogleSignIn.bundle",
			);
			runOnlyForDeploymentPostprocessing = 0;
			shellPath = /bin/sh;
			shellScript = "\"${SRCROOT}/Pods/Target Support Files/Pods-MobileAppProject/Pods-MobileAppProject-resources.sh\"\n";
			showEnvVarsInLog = 0;
		};
/* End PBXShellScriptBuildPhase section */

/* Begin PBXSourcesBuildPhase section */
		83AB4BF720FE930A0029E5BE /* Sources */ = {
			isa = PBXSourcesBuildPhase;
			buildActionMask = 2147483647;
			files = (
				830320EB210E39BF00A37ABA /* checkoutViewController.swift in Sources */,
				833705192107934E006E3256 /* LoginViewController.swift in Sources */,
				830320ED210E40D400A37ABA /* OrderReviewController.swift in Sources */,
				83AB4C0120FE930A0029E5BE /* ViewController.swift in Sources */,
				835506D921080AD000626059 /* ListViewController.swift in Sources */,
				F3FEA617210D4476006CF360 /* googleAPItestController.swift in Sources */,
				F376566E210EBA0600011138 /* SmtpViewController.swift in Sources */,
				835506D72107C14800626059 /* SignupViewController.swift in Sources */,
				83AB4BFF20FE930A0029E5BE /* AppDelegate.swift in Sources */,
				83FF897F210C1D240055B61A /* myCell.swift in Sources */,
				83AB4C0720FE930A0029E5BE /* MobileAppProject.xcdatamodeld in Sources */,
				830320EF210E5B3D00A37ABA /* ShirtsModel.swift in Sources */,
				835CE1C1210D1759001D2874 /* CartViewController.swift in Sources */,
				835CE1BD210CD128001D2874 /* detailsViewController.swift in Sources */,
				83FF8972210C19640055B61A /* collectionViewController.swift in Sources */,
				835CE1BF210D08DF001D2874 /* CartModel.swift in Sources */,
			);
			runOnlyForDeploymentPostprocessing = 0;
		};
/* End PBXSourcesBuildPhase section */

/* Begin PBXVariantGroup section */
		83AB4C0220FE930A0029E5BE /* Main.storyboard */ = {
			isa = PBXVariantGroup;
			children = (
				83AB4C0320FE930A0029E5BE /* Base */,
			);
			name = Main.storyboard;
			sourceTree = "<group>";
		};
		83AB4C0A20FE930A0029E5BE /* LaunchScreen.storyboard */ = {
			isa = PBXVariantGroup;
			children = (
				83AB4C0B20FE930A0029E5BE /* Base */,
			);
			name = LaunchScreen.storyboard;
			sourceTree = "<group>";
		};
/* End PBXVariantGroup section */

/* Begin XCBuildConfiguration section */
		83AB4C0E20FE930A0029E5BE /* Debug */ = {
			isa = XCBuildConfiguration;
			buildSettings = {
				ALWAYS_SEARCH_USER_PATHS = NO;
				CLANG_ANALYZER_NONNULL = YES;
				CLANG_ANALYZER_NUMBER_OBJECT_CONVERSION = YES_AGGRESSIVE;
				CLANG_CXX_LANGUAGE_STANDARD = "gnu++0x";
				CLANG_CXX_LIBRARY = "libc++";
				CLANG_ENABLE_MODULES = YES;
				CLANG_ENABLE_OBJC_ARC = YES;
				CLANG_WARN_BOOL_CONVERSION = YES;
				CLANG_WARN_CONSTANT_CONVERSION = YES;
				CLANG_WARN_DIRECT_OBJC_ISA_USAGE = YES_ERROR;
				CLANG_WARN_DOCUMENTATION_COMMENTS = YES;
				CLANG_WARN_EMPTY_BODY = YES;
				CLANG_WARN_ENUM_CONVERSION = YES;
				CLANG_WARN_INFINITE_RECURSION = YES;
				CLANG_WARN_INT_CONVERSION = YES;
				CLANG_WARN_OBJC_ROOT_CLASS = YES_ERROR;
				CLANG_WARN_SUSPICIOUS_MOVE = YES;
				CLANG_WARN_UNREACHABLE_CODE = YES;
				CLANG_WARN__DUPLICATE_METHOD_MATCH = YES;
				"CODE_SIGN_IDENTITY[sdk=iphoneos*]" = "iPhone Developer";
				COPY_PHASE_STRIP = NO;
				DEBUG_INFORMATION_FORMAT = dwarf;
				ENABLE_STRICT_OBJC_MSGSEND = YES;
				ENABLE_TESTABILITY = YES;
				GCC_C_LANGUAGE_STANDARD = gnu99;
				GCC_DYNAMIC_NO_PIC = NO;
				GCC_NO_COMMON_BLOCKS = YES;
				GCC_OPTIMIZATION_LEVEL = 0;
				GCC_PREPROCESSOR_DEFINITIONS = (
					"DEBUG=1",
					"$(inherited)",
				);
				GCC_WARN_64_TO_32_BIT_CONVERSION = YES;
				GCC_WARN_ABOUT_RETURN_TYPE = YES_ERROR;
				GCC_WARN_UNDECLARED_SELECTOR = YES;
				GCC_WARN_UNINITIALIZED_AUTOS = YES_AGGRESSIVE;
				GCC_WARN_UNUSED_FUNCTION = YES;
				GCC_WARN_UNUSED_VARIABLE = YES;
				IPHONEOS_DEPLOYMENT_TARGET = 10.3;
				MTL_ENABLE_DEBUG_INFO = YES;
				ONLY_ACTIVE_ARCH = YES;
				SDKROOT = iphoneos;
				SWIFT_ACTIVE_COMPILATION_CONDITIONS = DEBUG;
				SWIFT_OPTIMIZATION_LEVEL = "-Onone";
				TARGETED_DEVICE_FAMILY = "1,2";
			};
			name = Debug;
		};
		83AB4C0F20FE930A0029E5BE /* Release */ = {
			isa = XCBuildConfiguration;
			buildSettings = {
				ALWAYS_SEARCH_USER_PATHS = NO;
				CLANG_ANALYZER_NONNULL = YES;
				CLANG_ANALYZER_NUMBER_OBJECT_CONVERSION = YES_AGGRESSIVE;
				CLANG_CXX_LANGUAGE_STANDARD = "gnu++0x";
				CLANG_CXX_LIBRARY = "libc++";
				CLANG_ENABLE_MODULES = YES;
				CLANG_ENABLE_OBJC_ARC = YES;
				CLANG_WARN_BOOL_CONVERSION = YES;
				CLANG_WARN_CONSTANT_CONVERSION = YES;
				CLANG_WARN_DIRECT_OBJC_ISA_USAGE = YES_ERROR;
				CLANG_WARN_DOCUMENTATION_COMMENTS = YES;
				CLANG_WARN_EMPTY_BODY = YES;
				CLANG_WARN_ENUM_CONVERSION = YES;
				CLANG_WARN_INFINITE_RECURSION = YES;
				CLANG_WARN_INT_CONVERSION = YES;
				CLANG_WARN_OBJC_ROOT_CLASS = YES_ERROR;
				CLANG_WARN_SUSPICIOUS_MOVE = YES;
				CLANG_WARN_UNREACHABLE_CODE = YES;
				CLANG_WARN__DUPLICATE_METHOD_MATCH = YES;
				"CODE_SIGN_IDENTITY[sdk=iphoneos*]" = "iPhone Developer";
				COPY_PHASE_STRIP = NO;
				DEBUG_INFORMATION_FORMAT = "dwarf-with-dsym";
				ENABLE_NS_ASSERTIONS = NO;
				ENABLE_STRICT_OBJC_MSGSEND = YES;
				GCC_C_LANGUAGE_STANDARD = gnu99;
				GCC_NO_COMMON_BLOCKS = YES;
				GCC_WARN_64_TO_32_BIT_CONVERSION = YES;
				GCC_WARN_ABOUT_RETURN_TYPE = YES_ERROR;
				GCC_WARN_UNDECLARED_SELECTOR = YES;
				GCC_WARN_UNINITIALIZED_AUTOS = YES_AGGRESSIVE;
				GCC_WARN_UNUSED_FUNCTION = YES;
				GCC_WARN_UNUSED_VARIABLE = YES;
				IPHONEOS_DEPLOYMENT_TARGET = 10.3;
				MTL_ENABLE_DEBUG_INFO = NO;
				SDKROOT = iphoneos;
				SWIFT_OPTIMIZATION_LEVEL = "-Owholemodule";
				TARGETED_DEVICE_FAMILY = "1,2";
				VALIDATE_PRODUCT = YES;
			};
			name = Release;
		};
		83AB4C1120FE930A0029E5BE /* Debug */ = {
			isa = XCBuildConfiguration;
			baseConfigurationReference = A7486BF0210C260CE69EB341 /* Pods-MobileAppProject.debug.xcconfig */;
			buildSettings = {
				ASSETCATALOG_COMPILER_APPICON_NAME = AppIcon;
				DEVELOPMENT_TEAM = 87DCMNX24K;
				HEADER_SEARCH_PATHS = (
					"$(inherited)",
					"${PODS_ROOT}/Firebase/Core/Sources",
					"$(inherited)",
					"${PODS_ROOT}/Google/Headers",
					"\"${PODS_ROOT}/Headers/Public\"",
					"\"${PODS_ROOT}/Headers/Public/Firebase\"",
					"\"${PODS_ROOT}/Headers/Public/Google\"",
					"\"${PODS_ROOT}/Headers/Public/mailcore2-ios\"",
					"\"${PODS_ROOT}/Headers/Public/mailcore2-ios/MailCore\"",
				);
				INFOPLIST_FILE = MobileAppProject/Info.plist;
				LD_RUNPATH_SEARCH_PATHS = "$(inherited) @executable_path/Frameworks";
				PRODUCT_BUNDLE_IDENTIFIER = Chris.MobileAppProject;
				PRODUCT_NAME = "$(TARGET_NAME)";
				SWIFT_OBJC_BRIDGING_HEADER = "$(SRCROOT)/MobileAppProject/sendEmail_bridge.h";
				SWIFT_VERSION = 3.0;
			};
			name = Debug;
		};
		83AB4C1220FE930A0029E5BE /* Release */ = {
			isa = XCBuildConfiguration;
			baseConfigurationReference = 78F1BE0C1639A1B7048C3E10 /* Pods-MobileAppProject.release.xcconfig */;
			buildSettings = {
				ASSETCATALOG_COMPILER_APPICON_NAME = AppIcon;
				DEVELOPMENT_TEAM = 87DCMNX24K;
				HEADER_SEARCH_PATHS = (
					"$(inherited)",
					"${PODS_ROOT}/Firebase/Core/Sources",
					"$(inherited)",
					"${PODS_ROOT}/Google/Headers",
					"\"${PODS_ROOT}/Headers/Public\"",
					"\"${PODS_ROOT}/Headers/Public/Firebase\"",
					"\"${PODS_ROOT}/Headers/Public/Google\"",
					"\"${PODS_ROOT}/Headers/Public/mailcore2-ios\"",
					"\"${PODS_ROOT}/Headers/Public/mailcore2-ios/MailCore\"",
				);
				INFOPLIST_FILE = MobileAppProject/Info.plist;
				LD_RUNPATH_SEARCH_PATHS = "$(inherited) @executable_path/Frameworks";
				PRODUCT_BUNDLE_IDENTIFIER = Chris.MobileAppProject;
				PRODUCT_NAME = "$(TARGET_NAME)";
				SWIFT_OBJC_BRIDGING_HEADER = "$(SRCROOT)/MobileAppProject/sendEmail_bridge.h";
				SWIFT_VERSION = 3.0;
			};
			name = Release;
		};
/* End XCBuildConfiguration section */

/* Begin XCConfigurationList section */
		83AB4BF620FE930A0029E5BE /* Build configuration list for PBXProject "MobileAppProject" */ = {
			isa = XCConfigurationList;
			buildConfigurations = (
				83AB4C0E20FE930A0029E5BE /* Debug */,
				83AB4C0F20FE930A0029E5BE /* Release */,
			);
			defaultConfigurationIsVisible = 0;
			defaultConfigurationName = Release;
		};
		83AB4C1020FE930A0029E5BE /* Build configuration list for PBXNativeTarget "MobileAppProject" */ = {
			isa = XCConfigurationList;
			buildConfigurations = (
				83AB4C1120FE930A0029E5BE /* Debug */,
				83AB4C1220FE930A0029E5BE /* Release */,
			);
			defaultConfigurationIsVisible = 0;
			defaultConfigurationName = Release;
		};
/* End XCConfigurationList section */

/* Begin XCVersionGroup section */
		83AB4C0520FE930A0029E5BE /* MobileAppProject.xcdatamodeld */ = {
			isa = XCVersionGroup;
			children = (
				83AB4C0620FE930A0029E5BE /* MobileAppProject.xcdatamodel */,
			);
			currentVersion = 83AB4C0620FE930A0029E5BE /* MobileAppProject.xcdatamodel */;
			path = MobileAppProject.xcdatamodeld;
			sourceTree = "<group>";
			versionGroupType = wrapper.xcdatamodel;
		};
/* End XCVersionGroup section */
	};
	rootObject = 83AB4BF320FE930A0029E5BE /* Project object */;
}
